
Microsoft Visual Studio Solution File, Format Version 12.00
# Visual Studio Express 2012 for Windows Desktop
Project("{F184B08F-C81C-45F6-A57F-5ABD9991F28F}") = "Student_Connectivity", "Student_Connectivity\Student_Connectivity.vbproj", "{BD0006A7-51B0-4F99-8E8A-CC159B899BB9}"
EndProject
Global
	GlobalSection(SolutionConfigurationPlatforms) = preSolution
		Debug|Any CPU = Debug|Any CPU
		Release|Any CPU = Release|Any CPU
	EndGlobalSection
	GlobalSection(ProjectConfigurationPlatforms) = postSolution
		{BD0006A7-51B0-4F99-8E8A-CC159B899BB9}.Debug|Any CPU.ActiveCfg = Debug|Any CPU
		{BD0006A7-51B0-4F99-8E8A-CC159B899BB9}.Debug|Any CPU.Build.0 = Debug|Any CPU
		{BD0006A7-51B0-4F99-8E8A-CC159B899BB9}.Release|Any CPU.ActiveCfg = Release|Any CPU
		{BD0006A7-51B0-4F99-8E8A-CC159B899BB9}.Release|Any CPU.Build.0 = Release|Any CPU
	EndGlobalSection
	GlobalSection(SolutionProperties) = preSolution
		HideSolutionNode = FALSE
	EndGlobalSection
EndGlobal
